
Microsoft Visual Studio Solution File, Format Version 12.00
# Visual Studio Version 17
VisualStudioVersion = 17.14.36616.10 d17.14
MinimumVisualStudioVersion = 10.0.40219.1
Project("{FAE04EC0-301F-11D3-BF4B-00C04F79EFBC}") = "JapaneseRestaurantMVC", "JapaneseRestaurantMVC\JapaneseRestaurantMVC.csproj", "{AB0C1443-A705-49D7-B353-5D36370D214D}"
EndProject
Global
	GlobalSection(SolutionConfigurationPlatforms) = preSolution
		Debug|Any CPU = Debug|Any CPU
		Release|Any CPU = Release|Any CPU
	EndGlobalSection
	GlobalSection(ProjectConfigurationPlatforms) = postSolution
		{AB0C1443-A705-49D7-B353-5D36370D214D}.Debug|Any CPU.ActiveCfg = Debug|Any CPU
		{AB0C1443-A705-49D7-B353-5D36370D214D}.Debug|Any CPU.Build.0 = Debug|Any CPU
		{AB0C1443-A705-49D7-B353-5D36370D214D}.Release|Any CPU.ActiveCfg = Release|Any CPU
		{AB0C1443-A705-49D7-B353-5D36370D214D}.Release|Any CPU.Build.0 = Release|Any CPU
	EndGlobalSection
	GlobalSection(SolutionProperties) = preSolution
		HideSolutionNode = FALSE
	EndGlobalSection
	GlobalSection(ExtensibilityGlobals) = postSolution
		SolutionGuid = {89E310B5-7544-4744-B03F-2DE5B65B8F0C}
	EndGlobalSection
EndGlobal
